
Microsoft Visual Studio Solution File, Format Version 12.00
# Visual Studio Version 16
VisualStudioVersion = 16.0.31515.178
MinimumVisualStudioVersion = 10.0.40219.1
Project("{9A19103F-16F7-4668-BE54-9A1E7A4F7556}") = "TestConfiguration", "TestConfiguration\TestConfiguration.csproj", "{B1248241-688A-41F7-96BC-8C9233AC6A87}"
EndProject
Project("{9A19103F-16F7-4668-BE54-9A1E7A4F7556}") = "ProtoBuffer", "ProtoBuffer\ProtoBuffer.csproj", "{43DAD25F-91E0-4F14-B87B-B68967127057}"
EndProject
Global
	GlobalSection(SolutionConfigurationPlatforms) = preSolution
		Debug|Any CPU = Debug|Any CPU
		Release|Any CPU = Release|Any CPU
	EndGlobalSection
	GlobalSection(ProjectConfigurationPlatforms) = postSolution
		{B1248241-688A-41F7-96BC-8C9233AC6A87}.Debug|Any CPU.ActiveCfg = Debug|Any CPU
		{B1248241-688A-41F7-96BC-8C9233AC6A87}.Debug|Any CPU.Build.0 = Debug|Any CPU
		{B1248241-688A-41F7-96BC-8C9233AC6A87}.Release|Any CPU.ActiveCfg = Release|Any CPU
		{B1248241-688A-41F7-96BC-8C9233AC6A87}.Release|Any CPU.Build.0 = Release|Any CPU
		{43DAD25F-91E0-4F14-B87B-B68967127057}.Debug|Any CPU.ActiveCfg = Debug|Any CPU
		{43DAD25F-91E0-4F14-B87B-B68967127057}.Debug|Any CPU.Build.0 = Debug|Any CPU
		{43DAD25F-91E0-4F14-B87B-B68967127057}.Release|Any CPU.ActiveCfg = Release|Any CPU
		{43DAD25F-91E0-4F14-B87B-B68967127057}.Release|Any CPU.Build.0 = Release|Any CPU
	EndGlobalSection
	GlobalSection(SolutionProperties) = preSolution
		HideSolutionNode = FALSE
	EndGlobalSection
	GlobalSection(ExtensibilityGlobals) = postSolution
		SolutionGuid = {25E6CC50-2B57-4681-B1EF-D7040191099D}
	EndGlobalSection
EndGlobal
